{
  "name": "classiest",
  "version": "0.0.1",
  "lockfileVersion": 1,
  "requires": true,
  "dependencies": {
    "tcomb": {
      "version": "3.2.29",
      "resolved": "https://registry.npmjs.org/tcomb/-/tcomb-3.2.29.tgz",
      "integrity": "sha512-di2Hd1DB2Zfw6StGv861JoAF5h/uQVu/QJp2g8KVbtfKnoHdBQl5M32YWq6mnSYBQ1vFFrns5B1haWJL7rKaOQ=="
    },
    "tcomb-validation": {
      "version": "3.4.1",
      "resolved": "https://registry.npmjs.org/tcomb-validation/-/tcomb-validation-3.4.1.tgz",
      "integrity": "sha512-urVVMQOma4RXwiVCa2nM2eqrAomHROHvWPuj6UkDGz/eb5kcy0x6P0dVt6kzpUZtYMNoAqJLWmz1BPtxrtjtrA==",
      "requires": {
        "tcomb": "^3.0.0"
      }
    }
  }
}
