{
  "name": "classiest",
  "version": "0.0.1",
  "lockfileVersion": 1,
  "requires": true,
  "dependencies": {
    "tcomb": {
      "version": "3.2.29",
      "resolved": "https://registry.npmjs.org/tcomb/-/tcomb-3.2.29.tgz",
      "integrity": "sha512-di2Hd1DB2Zfw6StGv861JoAF5h/uQVu/QJp2g8KVbtfKnoHdBQl5M32YWq6mnSYBQ1vFFrns5B1haWJL7rKaOQ=="
    }
  }
}
